
Microsoft Visual Studio Solution File, Format Version 12.00
# Visual Studio Version 17
VisualStudioVersion = 17.2.32616.157
MinimumVisualStudioVersion = 10.0.40219.1
Project("{9A19103F-16F7-4668-BE54-9A1E7A4F7556}") = "AccountService", "AccountService\AccountService.csproj", "{C467F3B4-88EB-42E9-8002-9025E436E67C}"
EndProject
Project("{9A19103F-16F7-4668-BE54-9A1E7A4F7556}") = "ArticleService", "ArticleService\ArticleService.csproj", "{09441C49-2301-43D2-A787-A821CCB60585}"
EndProject
Project("{E53339B2-1760-4266-BCC7-CA923CBCF16C}") = "docker-compose", "docker-compose.dcproj", "{67C7CACC-1C01-444E-BE29-819DC0E4AF2A}"
EndProject
Project("{9A19103F-16F7-4668-BE54-9A1E7A4F7556}") = "OcelotGateway", "OcelotGateway\OcelotGateway.csproj", "{CC6881D0-0E52-48EE-BCFE-3EC377477BB6}"
EndProject
Project("{9A19103F-16F7-4668-BE54-9A1E7A4F7556}") = "ChatService", "ChatService\ChatService.csproj", "{73A76801-B991-4F3B-AC41-3B39CED1D3B8}"
EndProject
Global
	GlobalSection(SolutionConfigurationPlatforms) = preSolution
		Debug|Any CPU = Debug|Any CPU
		Release|Any CPU = Release|Any CPU
	EndGlobalSection
	GlobalSection(ProjectConfigurationPlatforms) = postSolution
		{C467F3B4-88EB-42E9-8002-9025E436E67C}.Debug|Any CPU.ActiveCfg = Debug|Any CPU
		{C467F3B4-88EB-42E9-8002-9025E436E67C}.Debug|Any CPU.Build.0 = Debug|Any CPU
		{C467F3B4-88EB-42E9-8002-9025E436E67C}.Release|Any CPU.ActiveCfg = Release|Any CPU
		{C467F3B4-88EB-42E9-8002-9025E436E67C}.Release|Any CPU.Build.0 = Release|Any CPU
		{09441C49-2301-43D2-A787-A821CCB60585}.Debug|Any CPU.ActiveCfg = Debug|Any CPU
		{09441C49-2301-43D2-A787-A821CCB60585}.Debug|Any CPU.Build.0 = Debug|Any CPU
		{09441C49-2301-43D2-A787-A821CCB60585}.Release|Any CPU.ActiveCfg = Release|Any CPU
		{09441C49-2301-43D2-A787-A821CCB60585}.Release|Any CPU.Build.0 = Release|Any CPU
		{67C7CACC-1C01-444E-BE29-819DC0E4AF2A}.Debug|Any CPU.ActiveCfg = Debug|Any CPU
		{67C7CACC-1C01-444E-BE29-819DC0E4AF2A}.Debug|Any CPU.Build.0 = Debug|Any CPU
		{67C7CACC-1C01-444E-BE29-819DC0E4AF2A}.Release|Any CPU.ActiveCfg = Release|Any CPU
		{67C7CACC-1C01-444E-BE29-819DC0E4AF2A}.Release|Any CPU.Build.0 = Release|Any CPU
		{CC6881D0-0E52-48EE-BCFE-3EC377477BB6}.Debug|Any CPU.ActiveCfg = Debug|Any CPU
		{CC6881D0-0E52-48EE-BCFE-3EC377477BB6}.Debug|Any CPU.Build.0 = Debug|Any CPU
		{CC6881D0-0E52-48EE-BCFE-3EC377477BB6}.Release|Any CPU.ActiveCfg = Release|Any CPU
		{CC6881D0-0E52-48EE-BCFE-3EC377477BB6}.Release|Any CPU.Build.0 = Release|Any CPU
		{73A76801-B991-4F3B-AC41-3B39CED1D3B8}.Debug|Any CPU.ActiveCfg = Debug|Any CPU
		{73A76801-B991-4F3B-AC41-3B39CED1D3B8}.Debug|Any CPU.Build.0 = Debug|Any CPU
		{73A76801-B991-4F3B-AC41-3B39CED1D3B8}.Release|Any CPU.ActiveCfg = Release|Any CPU
		{73A76801-B991-4F3B-AC41-3B39CED1D3B8}.Release|Any CPU.Build.0 = Release|Any CPU
	EndGlobalSection
	GlobalSection(SolutionProperties) = preSolution
		HideSolutionNode = FALSE
	EndGlobalSection
	GlobalSection(ExtensibilityGlobals) = postSolution
		SolutionGuid = {A7368808-91AC-4C3B-B7CC-EE4A35A558D0}
	EndGlobalSection
EndGlobal
