
Microsoft Visual Studio Solution File, Format Version 12.00
# Visual Studio Version 17
VisualStudioVersion = 17.2.32616.157
MinimumVisualStudioVersion = 10.0.40219.1
Project("{9A19103F-16F7-4668-BE54-9A1E7A4F7556}") = "AccountService", "AccountService\AccountService.csproj", "{C467F3B4-88EB-42E9-8002-9025E436E67C}"
EndProject
Project("{9A19103F-16F7-4668-BE54-9A1E7A4F7556}") = "ArticleService", "ArticleService\ArticleService.csproj", "{09441C49-2301-43D2-A787-A821CCB60585}"
EndProject
Project("{E53339B2-1760-4266-BCC7-CA923CBCF16C}") = "docker-compose", "docker-compose.dcproj", "{67C7CACC-1C01-444E-BE29-819DC0E4AF2A}"
EndProject
Project("{9A19103F-16F7-4668-BE54-9A1E7A4F7556}") = "OcelotGateway", "OcelotGateway\OcelotGateway.csproj", "{CC6881D0-0E52-48EE-BCFE-3EC377477BB6}"
EndProject
Project("{9A19103F-16F7-4668-BE54-9A1E7A4F7556}") = "ChatService", "ChatService\ChatService.csproj", "{73A76801-B991-4F3B-AC41-3B39CED1D3B8}"
EndProject
Project("{54A90642-561A-4BB1-A94E-469ADEE60C69}") = "Client", "Client\Client.esproj", "{CF03E8C5-C9D6-4E38-98B2-94A6FFAE8F26}"
EndProject
Project("{D954291E-2A0B-460D-934E-DC6B0785DB48}") = "Shared", "Shared\Shared.shproj", "{A309CDEA-1A80-4788-992F-FF04A7C712F4}"
EndProject
Global
	GlobalSection(SolutionConfigurationPlatforms) = preSolution
		Debug|Any CPU = Debug|Any CPU
		Release|Any CPU = Release|Any CPU
	EndGlobalSection
	GlobalSection(ProjectConfigurationPlatforms) = postSolution
		{C467F3B4-88EB-42E9-8002-9025E436E67C}.Debug|Any CPU.ActiveCfg = Debug|Any CPU
		{C467F3B4-88EB-42E9-8002-9025E436E67C}.Debug|Any CPU.Build.0 = Debug|Any CPU
		{C467F3B4-88EB-42E9-8002-9025E436E67C}.Release|Any CPU.ActiveCfg = Release|Any CPU
		{C467F3B4-88EB-42E9-8002-9025E436E67C}.Release|Any CPU.Build.0 = Release|Any CPU
		{09441C49-2301-43D2-A787-A821CCB60585}.Debug|Any CPU.ActiveCfg = Debug|Any CPU
		{09441C49-2301-43D2-A787-A821CCB60585}.Debug|Any CPU.Build.0 = Debug|Any CPU
		{09441C49-2301-43D2-A787-A821CCB60585}.Release|Any CPU.ActiveCfg = Release|Any CPU
		{09441C49-2301-43D2-A787-A821CCB60585}.Release|Any CPU.Build.0 = Release|Any CPU
		{67C7CACC-1C01-444E-BE29-819DC0E4AF2A}.Debug|Any CPU.ActiveCfg = Debug|Any CPU
		{67C7CACC-1C01-444E-BE29-819DC0E4AF2A}.Debug|Any CPU.Build.0 = Debug|Any CPU
		{67C7CACC-1C01-444E-BE29-819DC0E4AF2A}.Release|Any CPU.ActiveCfg = Release|Any CPU
		{67C7CACC-1C01-444E-BE29-819DC0E4AF2A}.Release|Any CPU.Build.0 = Release|Any CPU
		{CC6881D0-0E52-48EE-BCFE-3EC377477BB6}.Debug|Any CPU.ActiveCfg = Debug|Any CPU
		{CC6881D0-0E52-48EE-BCFE-3EC377477BB6}.Debug|Any CPU.Build.0 = Debug|Any CPU
		{CC6881D0-0E52-48EE-BCFE-3EC377477BB6}.Release|Any CPU.ActiveCfg = Release|Any CPU
		{CC6881D0-0E52-48EE-BCFE-3EC377477BB6}.Release|Any CPU.Build.0 = Release|Any CPU
		{73A76801-B991-4F3B-AC41-3B39CED1D3B8}.Debug|Any CPU.ActiveCfg = Debug|Any CPU
		{73A76801-B991-4F3B-AC41-3B39CED1D3B8}.Debug|Any CPU.Build.0 = Debug|Any CPU
		{73A76801-B991-4F3B-AC41-3B39CED1D3B8}.Release|Any CPU.ActiveCfg = Release|Any CPU
		{73A76801-B991-4F3B-AC41-3B39CED1D3B8}.Release|Any CPU.Build.0 = Release|Any CPU
		{CF03E8C5-C9D6-4E38-98B2-94A6FFAE8F26}.Debug|Any CPU.ActiveCfg = Debug|Any CPU
		{CF03E8C5-C9D6-4E38-98B2-94A6FFAE8F26}.Debug|Any CPU.Build.0 = Debug|Any CPU
		{CF03E8C5-C9D6-4E38-98B2-94A6FFAE8F26}.Debug|Any CPU.Deploy.0 = Debug|Any CPU
		{CF03E8C5-C9D6-4E38-98B2-94A6FFAE8F26}.Release|Any CPU.ActiveCfg = Release|Any CPU
		{CF03E8C5-C9D6-4E38-98B2-94A6FFAE8F26}.Release|Any CPU.Build.0 = Release|Any CPU
		{CF03E8C5-C9D6-4E38-98B2-94A6FFAE8F26}.Release|Any CPU.Deploy.0 = Release|Any CPU
	EndGlobalSection
	GlobalSection(SolutionProperties) = preSolution
		HideSolutionNode = FALSE
	EndGlobalSection
	GlobalSection(ExtensibilityGlobals) = postSolution
		SolutionGuid = {A7368808-91AC-4C3B-B7CC-EE4A35A558D0}
	EndGlobalSection
	GlobalSection(SharedMSBuildProjectFiles) = preSolution
		Shared\Shared.projitems*{09441c49-2301-43d2-a787-a821ccb60585}*SharedItemsImports = 5
		Shared\Shared.projitems*{a309cdea-1a80-4788-992f-ff04a7c712f4}*SharedItemsImports = 13
		Shared\Shared.projitems*{c467f3b4-88eb-42e9-8002-9025e436e67c}*SharedItemsImports = 5
	EndGlobalSection
EndGlobal
